{
  "name": "bitcoin-blended-fee-estimator",
  "version": "1.0.0",
  "lockfileVersion": 3,
  "requires": true,
  "packages": {
    "": {
      "name": "bitcoin-blended-fee-estimator",
      "version": "1.0.0",
      "license": "MIT",
      "dependencies": {
        "config": "3.3.9",
        "hono": "3.11.12",
        "node-cache": "5.1.2"
      },
      "devDependencies": {
        "@types/bun": "^1.0.0",
        "@types/config": "3.3.3",
        "@types/node-cache": "4.2.5"
      },
      "engines": {
        "node": ">=14.0.0"
      }
    },
    "node_modules/@types/bun": {
      "version": "1.0.0",
      "resolved": "https://registry.npmjs.org/@types/bun/-/bun-1.0.0.tgz",
      "integrity": "sha512-TPI/aImv/fSo0SWlt29wq0tWRqQOWsC4FOXYeUK0Ni6tAS+FqJZ2p7QCGY4hmHaHQeE2KhKJ6Qn9k3kvFfXD3Q==",
      "dev": true,
      "dependencies": {
        "bun-types": "1.0.18"
      }
    },
    "node_modules/@types/config": {
      "version": "3.3.3",
      "resolved": "https://registry.npmjs.org/@types/config/-/config-3.3.3.tgz",
      "integrity": "sha512-BB8DBAud88EgiAKlz8WQStzI771Kb6F3j4dioRJ4GD+tP4tzcZyMlz86aXuZT4s9hyesFORehMQE6eqtA5O+Vg==",
      "dev": true
    },
    "node_modules/@types/node-cache": {
      "version": "4.2.5",
      "resolved": "https://registry.npmjs.org/@types/node-cache/-/node-cache-4.2.5.tgz",
      "integrity": "sha512-faK2Owokboz53g8ooq2dw3iDJ6/HMTCIa2RvMte5WMTiABy+wA558K+iuyRtlR67Un5q9gEKysSDtqZYbSa0Pg==",
      "deprecated": "This is a stub types definition. node-cache provides its own type definitions, so you do not need this installed.",
      "dev": true,
      "dependencies": {
        "node-cache": "*"
      }
    },
    "node_modules/bun-types": {
      "version": "1.0.18",
      "resolved": "https://registry.npmjs.org/bun-types/-/bun-types-1.0.18.tgz",
      "integrity": "sha512-1XZ7AxOF8oO8FZtw1xj006JAKxEjulK3dUhsktZVN95vXBlsf4NIjQxfistVdpt24v3H2I9BwHp+UU+gXSSpAw==",
      "dev": true
    },
    "node_modules/clone": {
      "version": "2.1.2",
      "resolved": "https://registry.npmjs.org/clone/-/clone-2.1.2.tgz",
      "integrity": "sha512-3Pe/CF1Nn94hyhIYpjtiLhdCoEoz0DqQ+988E9gmeEdQZlojxnOb74wctFyuwWQHzqyf9X7C7MG8juUpqBJT8w==",
      "engines": {
        "node": ">=0.8"
      }
    },
    "node_modules/config": {
      "version": "3.3.9",
      "resolved": "https://registry.npmjs.org/config/-/config-3.3.9.tgz",
      "integrity": "sha512-G17nfe+cY7kR0wVpc49NCYvNtelm/pPy8czHoFkAgtV1lkmcp7DHtWCdDu+C9Z7gb2WVqa9Tm3uF9aKaPbCfhg==",
      "dependencies": {
        "json5": "^2.2.3"
      },
      "engines": {
        "node": ">= 10.0.0"
      }
    },
    "node_modules/hono": {
      "version": "3.11.12",
      "resolved": "https://registry.npmjs.org/hono/-/hono-3.11.12.tgz",
      "integrity": "sha512-TrxH75bc0m2UbvrhaXkoo32A9OhkJtvICAYgYWtxqLDOxBjRqSikyp4K7HTbnWkPeg9Z+2Q3nv0dN4o8kL6yLg==",
      "engines": {
        "node": ">=16.0.0"
      }
    },
    "node_modules/json5": {
      "version": "2.2.3",
      "resolved": "https://registry.npmjs.org/json5/-/json5-2.2.3.tgz",
      "integrity": "sha512-XmOWe7eyHYH14cLdVPoyg+GOH3rYX++KpzrylJwSW98t3Nk+U8XOl8FWKOgwtzdb8lXGf6zYwDUzeHMWfxasyg==",
      "bin": {
        "json5": "lib/cli.js"
      },
      "engines": {
        "node": ">=6"
      }
    },
    "node_modules/node-cache": {
      "version": "5.1.2",
      "resolved": "https://registry.npmjs.org/node-cache/-/node-cache-5.1.2.tgz",
      "integrity": "sha512-t1QzWwnk4sjLWaQAS8CHgOJ+RAfmHpxFWmc36IWTiWHQfs0w5JDMBS1b1ZxQteo0vVVuWJvIUKHDkkeK7vIGCg==",
      "dependencies": {
        "clone": "2.x"
      },
      "engines": {
        "node": ">= 8.0.0"
      }
    }
  }
}
